Microsoft Visual Studio Solution File, Format Version 12.00
# Visual Studio Version 17
VisualStudioVersion = 17.5.2.0
MinimumVisualStudioVersion = 10.0.40219.1
Project("{FAE04EC0-301F-11D3-BF4B-00C04F79EFBC}") = "CustomAuthenticationAndAuthorization", "CustomAuthenticationAndAuthorization.csproj", "{433C1EC1-E727-7B2A-72A3-271BEBC35311}"
EndProject
Global
	GlobalSection(SolutionConfigurationPlatforms) = preSolution
		Debug|Any CPU = Debug|Any CPU
		Release|Any CPU = Release|Any CPU
	EndGlobalSection
	GlobalSection(ProjectConfigurationPlatforms) = postSolution
		{433C1EC1-E727-7B2A-72A3-271BEBC35311}.Debug|Any CPU.ActiveCfg = Debug|Any CPU
		{433C1EC1-E727-7B2A-72A3-271BEBC35311}.Debug|Any CPU.Build.0 = Debug|Any CPU
		{433C1EC1-E727-7B2A-72A3-271BEBC35311}.Release|Any CPU.ActiveCfg = Release|Any CPU
		{433C1EC1-E727-7B2A-72A3-271BEBC35311}.Release|Any CPU.Build.0 = Release|Any CPU
	EndGlobalSection
	GlobalSection(SolutionProperties) = preSolution
		HideSolutionNode = FALSE
	EndGlobalSection
	GlobalSection(ExtensibilityGlobals) = postSolution
		SolutionGuid = {FDF44173-A814-4F0E-9672-19DE3F3CAF7D}
	EndGlobalSection
EndGlobal
